
Microsoft Visual Studio Solution File, Format Version 12.00
# Visual Studio 15
VisualStudioVersion = 15.0.27428.2005
MinimumVisualStudioVersion = 10.0.40219.1
Project("{FAE04EC0-301F-11D3-BF4B-00C04F79EFBC}") = "1-PrimeiroProjeto", "1-PrimeiroProjeto\1-PrimeiroProjeto.csproj", "{5006BB13-6F36-4D88-A41A-6A611DC385D5}"
EndProject
Project("{FAE04EC0-301F-11D3-BF4B-00C04F79EFBC}") = "2-CriandoVariaveis", "2-CriandoVariaveis\2-CriandoVariaveis.csproj", "{4FE41955-DA3B-4473-8E02-8E3F88F23E3D}"
EndProject
Project("{FAE04EC0-301F-11D3-BF4B-00C04F79EFBC}") = "3-CriandoVariaveisPontoFlutuante", "3-CriandoVariaveisPontoFlutuante\3-CriandoVariaveisPontoFlutuante.csproj", "{6B6175B9-FDFA-41A7-B7E4-AAE468A33C9F}"
EndProject
Project("{FAE04EC0-301F-11D3-BF4B-00C04F79EFBC}") = "4-ConversoesEOutrosTiposNumericos", "4-ConversoesEOutrosTiposNumericos\4-ConversoesEOutrosTiposNumericos.csproj", "{A581A67F-0FA5-4863-81BB-1DF4EB5513FA}"
EndProject
Project("{FAE04EC0-301F-11D3-BF4B-00C04F79EFBC}") = "5-CaracteresETextos", "5-CaracteresETextos\5-CaracteresETextos.csproj", "{5BAB3EAB-2A12-4F83-8A5B-65EB0EDBA78A}"
EndProject
Project("{FAE04EC0-301F-11D3-BF4B-00C04F79EFBC}") = "6-AtribuicoesDeVariaveis", "6-AtribuicoesDeVariaveis\6-AtribuicoesDeVariaveis.csproj", "{A2D3F688-C4B6-4741-81FE-77A090EE530D}"
EndProject
Project("{FAE04EC0-301F-11D3-BF4B-00C04F79EFBC}") = "7-Condicionais", "7-Condicionais\7-Condicionais.csproj", "{428DB931-C68C-433C-AD5D-EAF053E72052}"
EndProject
Project("{FAE04EC0-301F-11D3-BF4B-00C04F79EFBC}") = "8-Condicionais2", "8-Condicionais2\8-Condicionais2.csproj", "{391BC12B-3C5C-4594-A174-78473F62980F}"
EndProject
Project("{FAE04EC0-301F-11D3-BF4B-00C04F79EFBC}") = "9-Escopo", "9-Escopo\9-Escopo.csproj", "{940C97F0-50C0-4B5C-9593-6473BD0CC774}"
EndProject
Project("{FAE04EC0-301F-11D3-BF4B-00C04F79EFBC}") = "P10-LacoDeRepeticaoWhile", "P10-LacoDeRepeticaoWhile\P10-LacoDeRepeticaoWhile.csproj", "{72252359-6C65-41C5-A851-03ECBDA34941}"
EndProject
Project("{FAE04EC0-301F-11D3-BF4B-00C04F79EFBC}") = "P11-LacoDeRepeticaoFor", "P11-LacoDeRepeticaoFor\P11-LacoDeRepeticaoFor.csproj", "{C27013FB-5715-4BFB-AF72-4DF90257D9C6}"
EndProject
Project("{FAE04EC0-301F-11D3-BF4B-00C04F79EFBC}") = "P12-LacoDeRepeticaoFor2", "P12-LacoDeRepeticaoFor2\P12-LacoDeRepeticaoFor2.csproj", "{386DD831-DFFD-4F66-9B49-5A6BDF1145D6}"
EndProject
Project("{FAE04EC0-301F-11D3-BF4B-00C04F79EFBC}") = "P13-LacoDeRepeticaoFor3", "P13-LacoDeRepeticaoFor3\P13-LacoDeRepeticaoFor3.csproj", "{8159C661-3A96-47AB-BEEC-660AB4FC5B2E}"
EndProject
Global
	GlobalSection(SolutionConfigurationPlatforms) = preSolution
		Debug|Any CPU = Debug|Any CPU
		Release|Any CPU = Release|Any CPU
	EndGlobalSection
	GlobalSection(ProjectConfigurationPlatforms) = postSolution
		{5006BB13-6F36-4D88-A41A-6A611DC385D5}.Debug|Any CPU.ActiveCfg = Debug|Any CPU
		{5006BB13-6F36-4D88-A41A-6A611DC385D5}.Debug|Any CPU.Build.0 = Debug|Any CPU
		{5006BB13-6F36-4D88-A41A-6A611DC385D5}.Release|Any CPU.ActiveCfg = Release|Any CPU
		{5006BB13-6F36-4D88-A41A-6A611DC385D5}.Release|Any CPU.Build.0 = Release|Any CPU
		{4FE41955-DA3B-4473-8E02-8E3F88F23E3D}.Debug|Any CPU.ActiveCfg = Debug|Any CPU
		{4FE41955-DA3B-4473-8E02-8E3F88F23E3D}.Debug|Any CPU.Build.0 = Debug|Any CPU
		{4FE41955-DA3B-4473-8E02-8E3F88F23E3D}.Release|Any CPU.ActiveCfg = Release|Any CPU
		{4FE41955-DA3B-4473-8E02-8E3F88F23E3D}.Release|Any CPU.Build.0 = Release|Any CPU
		{6B6175B9-FDFA-41A7-B7E4-AAE468A33C9F}.Debug|Any CPU.ActiveCfg = Debug|Any CPU
		{6B6175B9-FDFA-41A7-B7E4-AAE468A33C9F}.Debug|Any CPU.Build.0 = Debug|Any CPU
		{6B6175B9-FDFA-41A7-B7E4-AAE468A33C9F}.Release|Any CPU.ActiveCfg = Release|Any CPU
		{6B6175B9-FDFA-41A7-B7E4-AAE468A33C9F}.Release|Any CPU.Build.0 = Release|Any CPU
		{A581A67F-0FA5-4863-81BB-1DF4EB5513FA}.Debug|Any CPU.ActiveCfg = Debug|Any CPU
		{A581A67F-0FA5-4863-81BB-1DF4EB5513FA}.Debug|Any CPU.Build.0 = Debug|Any CPU
		{A581A67F-0FA5-4863-81BB-1DF4EB5513FA}.Release|Any CPU.ActiveCfg = Release|Any CPU
		{A581A67F-0FA5-4863-81BB-1DF4EB5513FA}.Release|Any CPU.Build.0 = Release|Any CPU
		{5BAB3EAB-2A12-4F83-8A5B-65EB0EDBA78A}.Debug|Any CPU.ActiveCfg = Debug|Any CPU
		{5BAB3EAB-2A12-4F83-8A5B-65EB0EDBA78A}.Debug|Any CPU.Build.0 = Debug|Any CPU
		{5BAB3EAB-2A12-4F83-8A5B-65EB0EDBA78A}.Release|Any CPU.ActiveCfg = Release|Any CPU
		{5BAB3EAB-2A12-4F83-8A5B-65EB0EDBA78A}.Release|Any CPU.Build.0 = Release|Any CPU
		{A2D3F688-C4B6-4741-81FE-77A090EE530D}.Debug|Any CPU.ActiveCfg = Debug|Any CPU
		{A2D3F688-C4B6-4741-81FE-77A090EE530D}.Debug|Any CPU.Build.0 = Debug|Any CPU
		{A2D3F688-C4B6-4741-81FE-77A090EE530D}.Release|Any CPU.ActiveCfg = Release|Any CPU
		{A2D3F688-C4B6-4741-81FE-77A090EE530D}.Release|Any CPU.Build.0 = Release|Any CPU
		{428DB931-C68C-433C-AD5D-EAF053E72052}.Debug|Any CPU.ActiveCfg = Debug|Any CPU
		{428DB931-C68C-433C-AD5D-EAF053E72052}.Debug|Any CPU.Build.0 = Debug|Any CPU
		{428DB931-C68C-433C-AD5D-EAF053E72052}.Release|Any CPU.ActiveCfg = Release|Any CPU
		{428DB931-C68C-433C-AD5D-EAF053E72052}.Release|Any CPU.Build.0 = Release|Any CPU
		{391BC12B-3C5C-4594-A174-78473F62980F}.Debug|Any CPU.ActiveCfg = Debug|Any CPU
		{391BC12B-3C5C-4594-A174-78473F62980F}.Debug|Any CPU.Build.0 = Debug|Any CPU
		{391BC12B-3C5C-4594-A174-78473F62980F}.Release|Any CPU.ActiveCfg = Release|Any CPU
		{391BC12B-3C5C-4594-A174-78473F62980F}.Release|Any CPU.Build.0 = Release|Any CPU
		{940C97F0-50C0-4B5C-9593-6473BD0CC774}.Debug|Any CPU.ActiveCfg = Debug|Any CPU
		{940C97F0-50C0-4B5C-9593-6473BD0CC774}.Debug|Any CPU.Build.0 = Debug|Any CPU
		{940C97F0-50C0-4B5C-9593-6473BD0CC774}.Release|Any CPU.ActiveCfg = Release|Any CPU
		{940C97F0-50C0-4B5C-9593-6473BD0CC774}.Release|Any CPU.Build.0 = Release|Any CPU
		{72252359-6C65-41C5-A851-03ECBDA34941}.Debug|Any CPU.ActiveCfg = Debug|Any CPU
		{72252359-6C65-41C5-A851-03ECBDA34941}.Debug|Any CPU.Build.0 = Debug|Any CPU
		{72252359-6C65-41C5-A851-03ECBDA34941}.Release|Any CPU.ActiveCfg = Release|Any CPU
		{72252359-6C65-41C5-A851-03ECBDA34941}.Release|Any CPU.Build.0 = Release|Any CPU
		{C27013FB-5715-4BFB-AF72-4DF90257D9C6}.Debug|Any CPU.ActiveCfg = Debug|Any CPU
		{C27013FB-5715-4BFB-AF72-4DF90257D9C6}.Debug|Any CPU.Build.0 = Debug|Any CPU
		{C27013FB-5715-4BFB-AF72-4DF90257D9C6}.Release|Any CPU.ActiveCfg = Release|Any CPU
		{C27013FB-5715-4BFB-AF72-4DF90257D9C6}.Release|Any CPU.Build.0 = Release|Any CPU
		{386DD831-DFFD-4F66-9B49-5A6BDF1145D6}.Debug|Any CPU.ActiveCfg = Debug|Any CPU
		{386DD831-DFFD-4F66-9B49-5A6BDF1145D6}.Debug|Any CPU.Build.0 = Debug|Any CPU
		{386DD831-DFFD-4F66-9B49-5A6BDF1145D6}.Release|Any CPU.ActiveCfg = Release|Any CPU
		{386DD831-DFFD-4F66-9B49-5A6BDF1145D6}.Release|Any CPU.Build.0 = Release|Any CPU
		{8159C661-3A96-47AB-BEEC-660AB4FC5B2E}.Debug|Any CPU.ActiveCfg = Debug|Any CPU
		{8159C661-3A96-47AB-BEEC-660AB4FC5B2E}.Debug|Any CPU.Build.0 = Debug|Any CPU
		{8159C661-3A96-47AB-BEEC-660AB4FC5B2E}.Release|Any CPU.ActiveCfg = Release|Any CPU
		{8159C661-3A96-47AB-BEEC-660AB4FC5B2E}.Release|Any CPU.Build.0 = Release|Any CPU
	EndGlobalSection
	GlobalSection(SolutionProperties) = preSolution
		HideSolutionNode = FALSE
	EndGlobalSection
	GlobalSection(ExtensibilityGlobals) = postSolution
		SolutionGuid = {E38748F5-081F-485F-A344-6D4CEA442E93}
	EndGlobalSection
EndGlobal
